
Microsoft Visual Studio Solution File, Format Version 12.00
# Visual Studio Version 17
VisualStudioVersion = 17.1.32328.378
MinimumVisualStudioVersion = 10.0.40219.1
Project("{9A19103F-16F7-4668-BE54-9A1E7A4F7556}") = "ULSolutions.InfraStructure", "ULSolutions.InfraStructure\ULSolutions.InfraStructure.csproj", "{872F47F2-AE0B-44CD-BDB8-5970D6811355}"
EndProject
Project("{9A19103F-16F7-4668-BE54-9A1E7A4F7556}") = "ULSolutions.Test", "ULSolutions.Test\ULSolutions.Test.csproj", "{78B04439-4197-48D9-BC2E-CE3B49A691CA}"
EndProject
Project("{9A19103F-16F7-4668-BE54-9A1E7A4F7556}") = "ULSolutions.API", "ULSolutions.API\ULSolutions.API.csproj", "{7D9F9191-1C0E-4403-B325-F1D22FF992C7}"
EndProject
Global
	GlobalSection(SolutionConfigurationPlatforms) = preSolution
		Debug|Any CPU = Debug|Any CPU
		Release|Any CPU = Release|Any CPU
	EndGlobalSection
	GlobalSection(ProjectConfigurationPlatforms) = postSolution
		{872F47F2-AE0B-44CD-BDB8-5970D6811355}.Debug|Any CPU.ActiveCfg = Debug|Any CPU
		{872F47F2-AE0B-44CD-BDB8-5970D6811355}.Debug|Any CPU.Build.0 = Debug|Any CPU
		{872F47F2-AE0B-44CD-BDB8-5970D6811355}.Release|Any CPU.ActiveCfg = Release|Any CPU
		{872F47F2-AE0B-44CD-BDB8-5970D6811355}.Release|Any CPU.Build.0 = Release|Any CPU
		{78B04439-4197-48D9-BC2E-CE3B49A691CA}.Debug|Any CPU.ActiveCfg = Debug|Any CPU
		{78B04439-4197-48D9-BC2E-CE3B49A691CA}.Debug|Any CPU.Build.0 = Debug|Any CPU
		{78B04439-4197-48D9-BC2E-CE3B49A691CA}.Release|Any CPU.ActiveCfg = Release|Any CPU
		{78B04439-4197-48D9-BC2E-CE3B49A691CA}.Release|Any CPU.Build.0 = Release|Any CPU
		{7D9F9191-1C0E-4403-B325-F1D22FF992C7}.Debug|Any CPU.ActiveCfg = Debug|Any CPU
		{7D9F9191-1C0E-4403-B325-F1D22FF992C7}.Debug|Any CPU.Build.0 = Debug|Any CPU
		{7D9F9191-1C0E-4403-B325-F1D22FF992C7}.Release|Any CPU.ActiveCfg = Release|Any CPU
		{7D9F9191-1C0E-4403-B325-F1D22FF992C7}.Release|Any CPU.Build.0 = Release|Any CPU
	EndGlobalSection
	GlobalSection(SolutionProperties) = preSolution
		HideSolutionNode = FALSE
	EndGlobalSection
	GlobalSection(ExtensibilityGlobals) = postSolution
		SolutionGuid = {E99E98F5-2820-4F46-9863-6FA0D91CC517}
	EndGlobalSection
EndGlobal
