
Microsoft Visual Studio Solution File, Format Version 12.00
# Visual Studio Version 17
VisualStudioVersion = 17.1.32328.378
MinimumVisualStudioVersion = 10.0.40219.1
Project("{FAE04EC0-301F-11D3-BF4B-00C04F79EFBC}") = "ULSolutions.UI", "ULSolutions\ULSolutions.UI.csproj", "{AFC522F9-F894-40B2-B8E7-B0BA064BD65C}"
EndProject
Global
	GlobalSection(SolutionConfigurationPlatforms) = preSolution
		Debug|Any CPU = Debug|Any CPU
		Release|Any CPU = Release|Any CPU
	EndGlobalSection
	GlobalSection(ProjectConfigurationPlatforms) = postSolution
		{AFC522F9-F894-40B2-B8E7-B0BA064BD65C}.Debug|Any CPU.ActiveCfg = Debug|Any CPU
		{AFC522F9-F894-40B2-B8E7-B0BA064BD65C}.Debug|Any CPU.Build.0 = Debug|Any CPU
		{AFC522F9-F894-40B2-B8E7-B0BA064BD65C}.Release|Any CPU.ActiveCfg = Release|Any CPU
		{AFC522F9-F894-40B2-B8E7-B0BA064BD65C}.Release|Any CPU.Build.0 = Release|Any CPU
	EndGlobalSection
	GlobalSection(SolutionProperties) = preSolution
		HideSolutionNode = FALSE
	EndGlobalSection
	GlobalSection(ExtensibilityGlobals) = postSolution
		SolutionGuid = {E99E98F5-2820-4F46-9863-6FA0D91CC517}
	EndGlobalSection
EndGlobal
